
Microsoft Visual Studio Solution File, Format Version 12.00
# Visual Studio Version 16
VisualStudioVersion = 16.0.32413.511
MinimumVisualStudioVersion = 10.0.40219.1
Project("{FAE04EC0-301F-11D3-BF4B-00C04F79EFBC}") = "WebAppkendo", "WebAppkendo\WebAppkendo.csproj", "{9E902843-623B-4D40-B43B-C4DF9DEF044D}"
EndProject
Global
	GlobalSection(SolutionConfigurationPlatforms) = preSolution
		Debug|Any CPU = Debug|Any CPU
		Release|Any CPU = Release|Any CPU
	EndGlobalSection
	GlobalSection(ProjectConfigurationPlatforms) = postSolution
		{9E902843-623B-4D40-B43B-C4DF9DEF044D}.Debug|Any CPU.ActiveCfg = Debug|Any CPU
		{9E902843-623B-4D40-B43B-C4DF9DEF044D}.Debug|Any CPU.Build.0 = Debug|Any CPU
		{9E902843-623B-4D40-B43B-C4DF9DEF044D}.Release|Any CPU.ActiveCfg = Release|Any CPU
		{9E902843-623B-4D40-B43B-C4DF9DEF044D}.Release|Any CPU.Build.0 = Release|Any CPU
	EndGlobalSection
	GlobalSection(SolutionProperties) = preSolution
		HideSolutionNode = FALSE
	EndGlobalSection
	GlobalSection(ExtensibilityGlobals) = postSolution
		SolutionGuid = {2AB57EEB-4668-44CA-8098-0CE296E98384}
	EndGlobalSection
EndGlobal
